
Microsoft Visual Studio Solution File, Format Version 12.00
# Visual Studio Version 17
VisualStudioVersion = 17.7.34003.232
MinimumVisualStudioVersion = 10.0.40219.1
Project("{8BC9CEB8-8B4A-11D0-8D11-00A0C91BC942}") = "Program", "Program.vcxproj", "{7BBE5F39-673F-4FE0-A634-6BCE3BE1A081}"
EndProject
Project("{8BC9CEB8-8B4A-11D0-8D11-00A0C91BC942}") = "Class1th (Variable)", "..\Class1th (vlaue)\Class1th (vlaue).vcxproj", "{CFE92508-5ACE-4D5F-8F3B-B4120ECA2758}"
EndProject
Project("{8BC9CEB8-8B4A-11D0-8D11-00A0C91BC942}") = "Class2th (Constant)", "..\Class2th (contant)\Class2th (contant).vcxproj", "{8593E87C-B808-4341-B794-39348CF7AD83}"
EndProject
Project("{8BC9CEB8-8B4A-11D0-8D11-00A0C91BC942}") = "Class3th (Bit)", "..\Class3th (bit)\Class3th (bit).vcxproj", "{50D7383F-B810-4FCC-8B4E-58FCD19D5AD7}"
EndProject
Project("{8BC9CEB8-8B4A-11D0-8D11-00A0C91BC942}") = "Class4th (Overflow & Underflow)", "..\Class4th (Overflow & Underflow)\Class4th (Overflow & Underflow).vcxproj", "{CE45B6F1-641A-402D-B29D-A7C826EAC931}"
EndProject
Project("{8BC9CEB8-8B4A-11D0-8D11-00A0C91BC942}") = "Class5th (Conditional Statemant)", "..\Class5th (Conditional Statemant)\Class5th (Conditional Statemant).vcxproj", "{7B7D71B1-521F-4148-81DE-F9D8306C0B21}"
EndProject
Project("{8BC9CEB8-8B4A-11D0-8D11-00A0C91BC942}") = "Class6th (Repetition Statemant)", "..\Class6th (Repetitive Sentence)\Class6th (Repetitive Sentence).vcxproj", "{68F68566-113F-41AD-8624-DD929E8A0B54}"
EndProject
Project("{8BC9CEB8-8B4A-11D0-8D11-00A0C91BC942}") = "Class7th (Type Conversion)", "..\Class7th (Conversion of data types)\Class7th (Conversion of data types).vcxproj", "{0D8874EB-3D04-4151-858F-F72D182A78EA}"
EndProject
Project("{8BC9CEB8-8B4A-11D0-8D11-00A0C91BC942}") = "Class8th (Pointer)", "..\Class8th (Pointer)\Class8th (Pointer).vcxproj", "{816C0421-1BDA-4B21-BF44-D7CDE5F8487B}"
EndProject
Project("{8BC9CEB8-8B4A-11D0-8D11-00A0C91BC942}") = "Class9th (Arrangement)", "..\Class9th (Arrangement)\Class9th (Arrangement).vcxproj", "{D12E50AB-3624-4844-8A7A-B5E4CEA122DD}"
EndProject
Project("{8BC9CEB8-8B4A-11D0-8D11-00A0C91BC942}") = "Class10th (String)", "..\Class10th (String)\Class10th (String).vcxproj", "{994B213C-EB46-404A-816F-234F8782630E}"
EndProject
Project("{8BC9CEB8-8B4A-11D0-8D11-00A0C91BC942}") = "Class11th (Function)", "..\Class11th (Function)\Class11th (Function).vcxproj", "{D5026EA3-0D4A-445F-81BD-AC8BF9B9E3F3}"
EndProject
Project("{8BC9CEB8-8B4A-11D0-8D11-00A0C91BC942}") = "Class12th (Recurvise Function)", "..\Class12th (Recervise Function)\Class12th (Recervise Function).vcxproj", "{02E3BA77-A534-448F-A855-0F1165C7A040}"
EndProject
Project("{8BC9CEB8-8B4A-11D0-8D11-00A0C91BC942}") = "BaekJoon", "..\BackJun\BackJun.vcxproj", "{1685A012-E1D0-4149-B257-E6EBB959D5AA}"
EndProject
Project("{8BC9CEB8-8B4A-11D0-8D11-00A0C91BC942}") = "Class13th (variable Range)", "..\Claass13th ()\Claass13th ().vcxproj", "{B8A51B2B-693C-4F35-B9AF-8AF4B070FC7A}"
EndProject
Global
	GlobalSection(SolutionConfigurationPlatforms) = preSolution
		Debug|x64 = Debug|x64
		Debug|x86 = Debug|x86
		Release|x64 = Release|x64
		Release|x86 = Release|x86
	EndGlobalSection
	GlobalSection(ProjectConfigurationPlatforms) = postSolution
		{7BBE5F39-673F-4FE0-A634-6BCE3BE1A081}.Debug|x64.ActiveCfg = Debug|x64
		{7BBE5F39-673F-4FE0-A634-6BCE3BE1A081}.Debug|x64.Build.0 = Debug|x64
		{7BBE5F39-673F-4FE0-A634-6BCE3BE1A081}.Debug|x86.ActiveCfg = Debug|Win32
		{7BBE5F39-673F-4FE0-A634-6BCE3BE1A081}.Debug|x86.Build.0 = Debug|Win32
		{7BBE5F39-673F-4FE0-A634-6BCE3BE1A081}.Release|x64.ActiveCfg = Release|x64
		{7BBE5F39-673F-4FE0-A634-6BCE3BE1A081}.Release|x64.Build.0 = Release|x64
		{7BBE5F39-673F-4FE0-A634-6BCE3BE1A081}.Release|x86.ActiveCfg = Release|Win32
		{7BBE5F39-673F-4FE0-A634-6BCE3BE1A081}.Release|x86.Build.0 = Release|Win32
		{CFE92508-5ACE-4D5F-8F3B-B4120ECA2758}.Debug|x64.ActiveCfg = Debug|x64
		{CFE92508-5ACE-4D5F-8F3B-B4120ECA2758}.Debug|x64.Build.0 = Debug|x64
		{CFE92508-5ACE-4D5F-8F3B-B4120ECA2758}.Debug|x86.ActiveCfg = Debug|Win32
		{CFE92508-5ACE-4D5F-8F3B-B4120ECA2758}.Debug|x86.Build.0 = Debug|Win32
		{CFE92508-5ACE-4D5F-8F3B-B4120ECA2758}.Release|x64.ActiveCfg = Release|x64
		{CFE92508-5ACE-4D5F-8F3B-B4120ECA2758}.Release|x64.Build.0 = Release|x64
		{CFE92508-5ACE-4D5F-8F3B-B4120ECA2758}.Release|x86.ActiveCfg = Release|Win32
		{CFE92508-5ACE-4D5F-8F3B-B4120ECA2758}.Release|x86.Build.0 = Release|Win32
		{8593E87C-B808-4341-B794-39348CF7AD83}.Debug|x64.ActiveCfg = Debug|x64
		{8593E87C-B808-4341-B794-39348CF7AD83}.Debug|x64.Build.0 = Debug|x64
		{8593E87C-B808-4341-B794-39348CF7AD83}.Debug|x86.ActiveCfg = Debug|Win32
		{8593E87C-B808-4341-B794-39348CF7AD83}.Debug|x86.Build.0 = Debug|Win32
		{8593E87C-B808-4341-B794-39348CF7AD83}.Release|x64.ActiveCfg = Release|x64
		{8593E87C-B808-4341-B794-39348CF7AD83}.Release|x64.Build.0 = Release|x64
		{8593E87C-B808-4341-B794-39348CF7AD83}.Release|x86.ActiveCfg = Release|Win32
		{8593E87C-B808-4341-B794-39348CF7AD83}.Release|x86.Build.0 = Release|Win32
		{50D7383F-B810-4FCC-8B4E-58FCD19D5AD7}.Debug|x64.ActiveCfg = Debug|x64
		{50D7383F-B810-4FCC-8B4E-58FCD19D5AD7}.Debug|x64.Build.0 = Debug|x64
		{50D7383F-B810-4FCC-8B4E-58FCD19D5AD7}.Debug|x86.ActiveCfg = Debug|Win32
		{50D7383F-B810-4FCC-8B4E-58FCD19D5AD7}.Debug|x86.Build.0 = Debug|Win32
		{50D7383F-B810-4FCC-8B4E-58FCD19D5AD7}.Release|x64.ActiveCfg = Release|x64
		{50D7383F-B810-4FCC-8B4E-58FCD19D5AD7}.Release|x64.Build.0 = Release|x64
		{50D7383F-B810-4FCC-8B4E-58FCD19D5AD7}.Release|x86.ActiveCfg = Release|Win32
		{50D7383F-B810-4FCC-8B4E-58FCD19D5AD7}.Release|x86.Build.0 = Release|Win32
		{CE45B6F1-641A-402D-B29D-A7C826EAC931}.Debug|x64.ActiveCfg = Debug|x64
		{CE45B6F1-641A-402D-B29D-A7C826EAC931}.Debug|x64.Build.0 = Debug|x64
		{CE45B6F1-641A-402D-B29D-A7C826EAC931}.Debug|x86.ActiveCfg = Debug|Win32
		{CE45B6F1-641A-402D-B29D-A7C826EAC931}.Debug|x86.Build.0 = Debug|Win32
		{CE45B6F1-641A-402D-B29D-A7C826EAC931}.Release|x64.ActiveCfg = Release|x64
		{CE45B6F1-641A-402D-B29D-A7C826EAC931}.Release|x64.Build.0 = Release|x64
		{CE45B6F1-641A-402D-B29D-A7C826EAC931}.Release|x86.ActiveCfg = Release|Win32
		{CE45B6F1-641A-402D-B29D-A7C826EAC931}.Release|x86.Build.0 = Release|Win32
		{7B7D71B1-521F-4148-81DE-F9D8306C0B21}.Debug|x64.ActiveCfg = Debug|x64
		{7B7D71B1-521F-4148-81DE-F9D8306C0B21}.Debug|x64.Build.0 = Debug|x64
		{7B7D71B1-521F-4148-81DE-F9D8306C0B21}.Debug|x86.ActiveCfg = Debug|Win32
		{7B7D71B1-521F-4148-81DE-F9D8306C0B21}.Debug|x86.Build.0 = Debug|Win32
		{7B7D71B1-521F-4148-81DE-F9D8306C0B21}.Release|x64.ActiveCfg = Release|x64
		{7B7D71B1-521F-4148-81DE-F9D8306C0B21}.Release|x64.Build.0 = Release|x64
		{7B7D71B1-521F-4148-81DE-F9D8306C0B21}.Release|x86.ActiveCfg = Release|Win32
		{7B7D71B1-521F-4148-81DE-F9D8306C0B21}.Release|x86.Build.0 = Release|Win32
		{68F68566-113F-41AD-8624-DD929E8A0B54}.Debug|x64.ActiveCfg = Debug|x64
		{68F68566-113F-41AD-8624-DD929E8A0B54}.Debug|x64.Build.0 = Debug|x64
		{68F68566-113F-41AD-8624-DD929E8A0B54}.Debug|x86.ActiveCfg = Debug|Win32
		{68F68566-113F-41AD-8624-DD929E8A0B54}.Debug|x86.Build.0 = Debug|Win32
		{68F68566-113F-41AD-8624-DD929E8A0B54}.Release|x64.ActiveCfg = Release|x64
		{68F68566-113F-41AD-8624-DD929E8A0B54}.Release|x64.Build.0 = Release|x64
		{68F68566-113F-41AD-8624-DD929E8A0B54}.Release|x86.ActiveCfg = Release|Win32
		{68F68566-113F-41AD-8624-DD929E8A0B54}.Release|x86.Build.0 = Release|Win32
		{0D8874EB-3D04-4151-858F-F72D182A78EA}.Debug|x64.ActiveCfg = Debug|x64
		{0D8874EB-3D04-4151-858F-F72D182A78EA}.Debug|x64.Build.0 = Debug|x64
		{0D8874EB-3D04-4151-858F-F72D182A78EA}.Debug|x86.ActiveCfg = Debug|Win32
		{0D8874EB-3D04-4151-858F-F72D182A78EA}.Debug|x86.Build.0 = Debug|Win32
		{0D8874EB-3D04-4151-858F-F72D182A78EA}.Release|x64.ActiveCfg = Release|x64
		{0D8874EB-3D04-4151-858F-F72D182A78EA}.Release|x64.Build.0 = Release|x64
		{0D8874EB-3D04-4151-858F-F72D182A78EA}.Release|x86.ActiveCfg = Release|Win32
		{0D8874EB-3D04-4151-858F-F72D182A78EA}.Release|x86.Build.0 = Release|Win32
		{816C0421-1BDA-4B21-BF44-D7CDE5F8487B}.Debug|x64.ActiveCfg = Debug|x64
		{816C0421-1BDA-4B21-BF44-D7CDE5F8487B}.Debug|x64.Build.0 = Debug|x64
		{816C0421-1BDA-4B21-BF44-D7CDE5F8487B}.Debug|x86.ActiveCfg = Debug|Win32
		{816C0421-1BDA-4B21-BF44-D7CDE5F8487B}.Debug|x86.Build.0 = Debug|Win32
		{816C0421-1BDA-4B21-BF44-D7CDE5F8487B}.Release|x64.ActiveCfg = Release|x64
		{816C0421-1BDA-4B21-BF44-D7CDE5F8487B}.Release|x64.Build.0 = Release|x64
		{816C0421-1BDA-4B21-BF44-D7CDE5F8487B}.Release|x86.ActiveCfg = Release|Win32
		{816C0421-1BDA-4B21-BF44-D7CDE5F8487B}.Release|x86.Build.0 = Release|Win32
		{D12E50AB-3624-4844-8A7A-B5E4CEA122DD}.Debug|x64.ActiveCfg = Debug|x64
		{D12E50AB-3624-4844-8A7A-B5E4CEA122DD}.Debug|x64.Build.0 = Debug|x64
		{D12E50AB-3624-4844-8A7A-B5E4CEA122DD}.Debug|x86.ActiveCfg = Debug|Win32
		{D12E50AB-3624-4844-8A7A-B5E4CEA122DD}.Debug|x86.Build.0 = Debug|Win32
		{D12E50AB-3624-4844-8A7A-B5E4CEA122DD}.Release|x64.ActiveCfg = Release|x64
		{D12E50AB-3624-4844-8A7A-B5E4CEA122DD}.Release|x64.Build.0 = Release|x64
		{D12E50AB-3624-4844-8A7A-B5E4CEA122DD}.Release|x86.ActiveCfg = Release|Win32
		{D12E50AB-3624-4844-8A7A-B5E4CEA122DD}.Release|x86.Build.0 = Release|Win32
		{994B213C-EB46-404A-816F-234F8782630E}.Debug|x64.ActiveCfg = Debug|x64
		{994B213C-EB46-404A-816F-234F8782630E}.Debug|x64.Build.0 = Debug|x64
		{994B213C-EB46-404A-816F-234F8782630E}.Debug|x86.ActiveCfg = Debug|Win32
		{994B213C-EB46-404A-816F-234F8782630E}.Debug|x86.Build.0 = Debug|Win32
		{994B213C-EB46-404A-816F-234F8782630E}.Release|x64.ActiveCfg = Release|x64
		{994B213C-EB46-404A-816F-234F8782630E}.Release|x64.Build.0 = Release|x64
		{994B213C-EB46-404A-816F-234F8782630E}.Release|x86.ActiveCfg = Release|Win32
		{994B213C-EB46-404A-816F-234F8782630E}.Release|x86.Build.0 = Release|Win32
		{D5026EA3-0D4A-445F-81BD-AC8BF9B9E3F3}.Debug|x64.ActiveCfg = Debug|x64
		{D5026EA3-0D4A-445F-81BD-AC8BF9B9E3F3}.Debug|x64.Build.0 = Debug|x64
		{D5026EA3-0D4A-445F-81BD-AC8BF9B9E3F3}.Debug|x86.ActiveCfg = Debug|Win32
		{D5026EA3-0D4A-445F-81BD-AC8BF9B9E3F3}.Debug|x86.Build.0 = Debug|Win32
		{D5026EA3-0D4A-445F-81BD-AC8BF9B9E3F3}.Release|x64.ActiveCfg = Release|x64
		{D5026EA3-0D4A-445F-81BD-AC8BF9B9E3F3}.Release|x64.Build.0 = Release|x64
		{D5026EA3-0D4A-445F-81BD-AC8BF9B9E3F3}.Release|x86.ActiveCfg = Release|Win32
		{D5026EA3-0D4A-445F-81BD-AC8BF9B9E3F3}.Release|x86.Build.0 = Release|Win32
		{02E3BA77-A534-448F-A855-0F1165C7A040}.Debug|x64.ActiveCfg = Debug|x64
		{02E3BA77-A534-448F-A855-0F1165C7A040}.Debug|x64.Build.0 = Debug|x64
		{02E3BA77-A534-448F-A855-0F1165C7A040}.Debug|x86.ActiveCfg = Debug|Win32
		{02E3BA77-A534-448F-A855-0F1165C7A040}.Debug|x86.Build.0 = Debug|Win32
		{02E3BA77-A534-448F-A855-0F1165C7A040}.Release|x64.ActiveCfg = Release|x64
		{02E3BA77-A534-448F-A855-0F1165C7A040}.Release|x64.Build.0 = Release|x64
		{02E3BA77-A534-448F-A855-0F1165C7A040}.Release|x86.ActiveCfg = Release|Win32
		{02E3BA77-A534-448F-A855-0F1165C7A040}.Release|x86.Build.0 = Release|Win32
		{1685A012-E1D0-4149-B257-E6EBB959D5AA}.Debug|x64.ActiveCfg = Debug|x64
		{1685A012-E1D0-4149-B257-E6EBB959D5AA}.Debug|x64.Build.0 = Debug|x64
		{1685A012-E1D0-4149-B257-E6EBB959D5AA}.Debug|x86.ActiveCfg = Debug|Win32
		{1685A012-E1D0-4149-B257-E6EBB959D5AA}.Debug|x86.Build.0 = Debug|Win32
		{1685A012-E1D0-4149-B257-E6EBB959D5AA}.Release|x64.ActiveCfg = Release|x64
		{1685A012-E1D0-4149-B257-E6EBB959D5AA}.Release|x64.Build.0 = Release|x64
		{1685A012-E1D0-4149-B257-E6EBB959D5AA}.Release|x86.ActiveCfg = Release|Win32
		{1685A012-E1D0-4149-B257-E6EBB959D5AA}.Release|x86.Build.0 = Release|Win32
		{B8A51B2B-693C-4F35-B9AF-8AF4B070FC7A}.Debug|x64.ActiveCfg = Debug|x64
		{B8A51B2B-693C-4F35-B9AF-8AF4B070FC7A}.Debug|x64.Build.0 = Debug|x64
		{B8A51B2B-693C-4F35-B9AF-8AF4B070FC7A}.Debug|x86.ActiveCfg = Debug|Win32
		{B8A51B2B-693C-4F35-B9AF-8AF4B070FC7A}.Debug|x86.Build.0 = Debug|Win32
		{B8A51B2B-693C-4F35-B9AF-8AF4B070FC7A}.Release|x64.ActiveCfg = Release|x64
		{B8A51B2B-693C-4F35-B9AF-8AF4B070FC7A}.Release|x64.Build.0 = Release|x64
		{B8A51B2B-693C-4F35-B9AF-8AF4B070FC7A}.Release|x86.ActiveCfg = Release|Win32
		{B8A51B2B-693C-4F35-B9AF-8AF4B070FC7A}.Release|x86.Build.0 = Release|Win32
	EndGlobalSection
	GlobalSection(SolutionProperties) = preSolution
		HideSolutionNode = FALSE
	EndGlobalSection
	GlobalSection(ExtensibilityGlobals) = postSolution
		SolutionGuid = {94AC9688-4C24-49FA-814B-746BA5FA525D}
	EndGlobalSection
EndGlobal
